
Microsoft Visual Studio Solution File, Format Version 12.00
# Visual Studio Version 16
VisualStudioVersion = 16.0.29709.97
MinimumVisualStudioVersion = 10.0.40219.1
Project("{9A19103F-16F7-4668-BE54-9A1E7A4F7556}") = "BlogReact", "UI\BlogReact.csproj", "{69FECDF2-D4CA-4948-B42D-62DDD6519324}"
EndProject
Project("{9A19103F-16F7-4668-BE54-9A1E7A4F7556}") = "Data", "Data\Data.csproj", "{0CCE0747-A0B3-47B3-B4F2-C4D7888A587B}"
EndProject
Project("{2150E333-8FDC-42A3-9474-1A3956D46DE8}") = "Solution Items", "Solution Items", "{0A906389-A1BA-423E-B06A-895DE871CA85}"
	ProjectSection(SolutionItems) = preProject
		.dockerignore = .dockerignore
		Dockerfile = Dockerfile
		nuget.config = nuget.config
	EndProjectSection
EndProject
Global
	GlobalSection(SolutionConfigurationPlatforms) = preSolution
		Debug|Any CPU = Debug|Any CPU
		Release|Any CPU = Release|Any CPU
	EndGlobalSection
	GlobalSection(ProjectConfigurationPlatforms) = postSolution
		{69FECDF2-D4CA-4948-B42D-62DDD6519324}.Debug|Any CPU.ActiveCfg = Debug|Any CPU
		{69FECDF2-D4CA-4948-B42D-62DDD6519324}.Debug|Any CPU.Build.0 = Debug|Any CPU
		{69FECDF2-D4CA-4948-B42D-62DDD6519324}.Release|Any CPU.ActiveCfg = Release|Any CPU
		{69FECDF2-D4CA-4948-B42D-62DDD6519324}.Release|Any CPU.Build.0 = Release|Any CPU
		{0CCE0747-A0B3-47B3-B4F2-C4D7888A587B}.Debug|Any CPU.ActiveCfg = Debug|Any CPU
		{0CCE0747-A0B3-47B3-B4F2-C4D7888A587B}.Debug|Any CPU.Build.0 = Debug|Any CPU
		{0CCE0747-A0B3-47B3-B4F2-C4D7888A587B}.Release|Any CPU.ActiveCfg = Release|Any CPU
		{0CCE0747-A0B3-47B3-B4F2-C4D7888A587B}.Release|Any CPU.Build.0 = Release|Any CPU
	EndGlobalSection
	GlobalSection(SolutionProperties) = preSolution
		HideSolutionNode = FALSE
	EndGlobalSection
	GlobalSection(ExtensibilityGlobals) = postSolution
		SolutionGuid = {F0B6A31C-70AB-4589-80C2-B59AAA4E07D7}
	EndGlobalSection
EndGlobal
