
Microsoft Visual Studio Solution File, Format Version 12.00
# Visual Studio Version 16
VisualStudioVersion = 16.0.29709.97
MinimumVisualStudioVersion = 10.0.40219.1
Project("{FAE04EC0-301F-11D3-BF4B-00C04F79EFBC}") = "BlogReact", "BlogReact.csproj", "{69FECDF2-D4CA-4948-B42D-62DDD6519324}"
EndProject
Global
	GlobalSection(SolutionConfigurationPlatforms) = preSolution
		Debug|Any CPU = Debug|Any CPU
		Release|Any CPU = Release|Any CPU
	EndGlobalSection
	GlobalSection(ProjectConfigurationPlatforms) = postSolution
		{69FECDF2-D4CA-4948-B42D-62DDD6519324}.Debug|Any CPU.ActiveCfg = Debug|Any CPU
		{69FECDF2-D4CA-4948-B42D-62DDD6519324}.Debug|Any CPU.Build.0 = Debug|Any CPU
		{69FECDF2-D4CA-4948-B42D-62DDD6519324}.Release|Any CPU.ActiveCfg = Release|Any CPU
		{69FECDF2-D4CA-4948-B42D-62DDD6519324}.Release|Any CPU.Build.0 = Release|Any CPU
	EndGlobalSection
	GlobalSection(SolutionProperties) = preSolution
		HideSolutionNode = FALSE
	EndGlobalSection
	GlobalSection(ExtensibilityGlobals) = postSolution
		SolutionGuid = {F0B6A31C-70AB-4589-80C2-B59AAA4E07D7}
	EndGlobalSection
EndGlobal
